
Microsoft Visual Studio Solution File, Format Version 12.00
# Visual Studio Version 17
VisualStudioVersion = 17.10.35013.160
MinimumVisualStudioVersion = 10.0.40219.1
Project("{FAE04EC0-301F-11D3-BF4B-00C04F79EFBC}") = "QuartzExample", "QuartzExample\QuartzExample.csproj", "{433551D7-F561-4D4A-9867-CCF142D58669}"
EndProject
Global
	GlobalSection(SolutionConfigurationPlatforms) = preSolution
		Debug|Any CPU = Debug|Any CPU
		Release|Any CPU = Release|Any CPU
	EndGlobalSection
	GlobalSection(ProjectConfigurationPlatforms) = postSolution
		{433551D7-F561-4D4A-9867-CCF142D58669}.Debug|Any CPU.ActiveCfg = Debug|Any CPU
		{433551D7-F561-4D4A-9867-CCF142D58669}.Debug|Any CPU.Build.0 = Debug|Any CPU
		{433551D7-F561-4D4A-9867-CCF142D58669}.Release|Any CPU.ActiveCfg = Release|Any CPU
		{433551D7-F561-4D4A-9867-CCF142D58669}.Release|Any CPU.Build.0 = Release|Any CPU
	EndGlobalSection
	GlobalSection(SolutionProperties) = preSolution
		HideSolutionNode = FALSE
	EndGlobalSection
	GlobalSection(ExtensibilityGlobals) = postSolution
		SolutionGuid = {0BFB0EDD-4276-4E15-8FBD-637BB3788D3A}
	EndGlobalSection
EndGlobal
